
Microsoft Visual Studio Solution File, Format Version 12.00
# Visual Studio 15
VisualStudioVersion = 15.0.35431.46
MinimumVisualStudioVersion = 10.0.40219.1
Project("{FAE04EC0-301F-11D3-BF4B-00C04F79EFBC}") = "PruTecSyscom", "PruTecSyscom\PruTecSyscom.csproj", "{1A717D10-8F5A-4DA4-A20A-39E9FB746A50}"
EndProject
Global
	GlobalSection(SolutionConfigurationPlatforms) = preSolution
		Debug|Any CPU = Debug|Any CPU
		Release|Any CPU = Release|Any CPU
	EndGlobalSection
	GlobalSection(ProjectConfigurationPlatforms) = postSolution
		{1A717D10-8F5A-4DA4-A20A-39E9FB746A50}.Debug|Any CPU.ActiveCfg = Debug|Any CPU
		{1A717D10-8F5A-4DA4-A20A-39E9FB746A50}.Debug|Any CPU.Build.0 = Debug|Any CPU
		{1A717D10-8F5A-4DA4-A20A-39E9FB746A50}.Release|Any CPU.ActiveCfg = Release|Any CPU
		{1A717D10-8F5A-4DA4-A20A-39E9FB746A50}.Release|Any CPU.Build.0 = Release|Any CPU
	EndGlobalSection
	GlobalSection(SolutionProperties) = preSolution
		HideSolutionNode = FALSE
	EndGlobalSection
	GlobalSection(ExtensibilityGlobals) = postSolution
		SolutionGuid = {43676F46-56DA-4E44-8855-E31AF2F67844}
	EndGlobalSection
EndGlobal
